
Microsoft Visual Studio Solution File, Format Version 12.00
# Visual Studio Version 16
VisualStudioVersion = 16.0.30204.135
MinimumVisualStudioVersion = 10.0.40219.1
Project("{2150E333-8FDC-42A3-9474-1A3956D46DE8}") = "ACQ.Web.Core", "ACQ.Web.Core", "{7CEAB0EB-213A-471F-AE3C-3DE20CF0A428}"
EndProject
Project("{2150E333-8FDC-42A3-9474-1A3956D46DE8}") = "ACQ.WebApp", "ACQ.WebApp", "{93184FBF-7456-4F2D-B139-7557966FFF65}"
EndProject
Project("{2150E333-8FDC-42A3-9474-1A3956D46DE8}") = "ACQ.Web.ExternalServices", "ACQ.Web.ExternalServices", "{BAD9366D-1966-4AA6-BC46-EA691FBD14F6}"
EndProject
Project("{2150E333-8FDC-42A3-9474-1A3956D46DE8}") = "ACQ.Web.ViewModel", "ACQ.Web.ViewModel", "{B51E81A4-9C25-4744-95D5-F2B21E5AA548}"
EndProject
Project("{FAE04EC0-301F-11D3-BF4B-00C04F79EFBC}") = "ACQ.Web.ExternalServices", "Src\ACQ.Web.ExternalServices\ACQ.Web.ExternalServices.csproj", "{F7400814-8252-4F19-A22C-5FB7C9D10892}"
EndProject
Project("{FAE04EC0-301F-11D3-BF4B-00C04F79EFBC}") = "ACQ.Web.ViewModel", "Src\ACQ.Web.ViewModel\ACQ.Web.ViewModel.csproj", "{31FCC2F3-1105-44F9-9AD6-99D44F2B7526}"
EndProject
Project("{FAE04EC0-301F-11D3-BF4B-00C04F79EFBC}") = "ACQ.Web.Core", "Src\ACQ.Web.Core\ACQ.Web.Core.csproj", "{70DF3241-E7F9-414E-8A10-E29905454813}"
EndProject
Project("{FAE04EC0-301F-11D3-BF4B-00C04F79EFBC}") = "ACQ.Web.App", "Src\ACQ.Web.App\ACQ.Web.App.csproj", "{DB0EA8C0-F39C-4A71-8C16-D704B925BECE}"
EndProject
Global
	GlobalSection(SolutionConfigurationPlatforms) = preSolution
		Debug|Any CPU = Debug|Any CPU
		Debug|ARM = Debug|ARM
		Debug|ARM64 = Debug|ARM64
		Debug|x64 = Debug|x64
		Debug|x86 = Debug|x86
		Release|Any CPU = Release|Any CPU
		Release|ARM = Release|ARM
		Release|ARM64 = Release|ARM64
		Release|x64 = Release|x64
		Release|x86 = Release|x86
	EndGlobalSection
	GlobalSection(ProjectConfigurationPlatforms) = postSolution
		{F7400814-8252-4F19-A22C-5FB7C9D10892}.Debug|Any CPU.ActiveCfg = Debug|Any CPU
		{F7400814-8252-4F19-A22C-5FB7C9D10892}.Debug|Any CPU.Build.0 = Debug|Any CPU
		{F7400814-8252-4F19-A22C-5FB7C9D10892}.Debug|ARM.ActiveCfg = Debug|Any CPU
		{F7400814-8252-4F19-A22C-5FB7C9D10892}.Debug|ARM.Build.0 = Debug|Any CPU
		{F7400814-8252-4F19-A22C-5FB7C9D10892}.Debug|ARM64.ActiveCfg = Debug|Any CPU
		{F7400814-8252-4F19-A22C-5FB7C9D10892}.Debug|ARM64.Build.0 = Debug|Any CPU
		{F7400814-8252-4F19-A22C-5FB7C9D10892}.Debug|x64.ActiveCfg = Debug|Any CPU
		{F7400814-8252-4F19-A22C-5FB7C9D10892}.Debug|x64.Build.0 = Debug|Any CPU
		{F7400814-8252-4F19-A22C-5FB7C9D10892}.Debug|x86.ActiveCfg = Debug|Any CPU
		{F7400814-8252-4F19-A22C-5FB7C9D10892}.Debug|x86.Build.0 = Debug|Any CPU
		{F7400814-8252-4F19-A22C-5FB7C9D10892}.Release|Any CPU.ActiveCfg = Release|Any CPU
		{F7400814-8252-4F19-A22C-5FB7C9D10892}.Release|Any CPU.Build.0 = Release|Any CPU
		{F7400814-8252-4F19-A22C-5FB7C9D10892}.Release|ARM.ActiveCfg = Release|Any CPU
		{F7400814-8252-4F19-A22C-5FB7C9D10892}.Release|ARM.Build.0 = Release|Any CPU
		{F7400814-8252-4F19-A22C-5FB7C9D10892}.Release|ARM64.ActiveCfg = Release|Any CPU
		{F7400814-8252-4F19-A22C-5FB7C9D10892}.Release|ARM64.Build.0 = Release|Any CPU
		{F7400814-8252-4F19-A22C-5FB7C9D10892}.Release|x64.ActiveCfg = Release|Any CPU
		{F7400814-8252-4F19-A22C-5FB7C9D10892}.Release|x64.Build.0 = Release|Any CPU
		{F7400814-8252-4F19-A22C-5FB7C9D10892}.Release|x86.ActiveCfg = Release|Any CPU
		{F7400814-8252-4F19-A22C-5FB7C9D10892}.Release|x86.Build.0 = Release|Any CPU
		{31FCC2F3-1105-44F9-9AD6-99D44F2B7526}.Debug|Any CPU.ActiveCfg = Debug|Any CPU
		{31FCC2F3-1105-44F9-9AD6-99D44F2B7526}.Debug|Any CPU.Build.0 = Debug|Any CPU
		{31FCC2F3-1105-44F9-9AD6-99D44F2B7526}.Debug|ARM.ActiveCfg = Debug|Any CPU
		{31FCC2F3-1105-44F9-9AD6-99D44F2B7526}.Debug|ARM.Build.0 = Debug|Any CPU
		{31FCC2F3-1105-44F9-9AD6-99D44F2B7526}.Debug|ARM64.ActiveCfg = Debug|Any CPU
		{31FCC2F3-1105-44F9-9AD6-99D44F2B7526}.Debug|ARM64.Build.0 = Debug|Any CPU
		{31FCC2F3-1105-44F9-9AD6-99D44F2B7526}.Debug|x64.ActiveCfg = Debug|Any CPU
		{31FCC2F3-1105-44F9-9AD6-99D44F2B7526}.Debug|x64.Build.0 = Debug|Any CPU
		{31FCC2F3-1105-44F9-9AD6-99D44F2B7526}.Debug|x86.ActiveCfg = Debug|Any CPU
		{31FCC2F3-1105-44F9-9AD6-99D44F2B7526}.Debug|x86.Build.0 = Debug|Any CPU
		{31FCC2F3-1105-44F9-9AD6-99D44F2B7526}.Release|Any CPU.ActiveCfg = Release|Any CPU
		{31FCC2F3-1105-44F9-9AD6-99D44F2B7526}.Release|Any CPU.Build.0 = Release|Any CPU
		{31FCC2F3-1105-44F9-9AD6-99D44F2B7526}.Release|ARM.ActiveCfg = Release|Any CPU
		{31FCC2F3-1105-44F9-9AD6-99D44F2B7526}.Release|ARM.Build.0 = Release|Any CPU
		{31FCC2F3-1105-44F9-9AD6-99D44F2B7526}.Release|ARM64.ActiveCfg = Release|Any CPU
		{31FCC2F3-1105-44F9-9AD6-99D44F2B7526}.Release|ARM64.Build.0 = Release|Any CPU
		{31FCC2F3-1105-44F9-9AD6-99D44F2B7526}.Release|x64.ActiveCfg = Release|Any CPU
		{31FCC2F3-1105-44F9-9AD6-99D44F2B7526}.Release|x64.Build.0 = Release|Any CPU
		{31FCC2F3-1105-44F9-9AD6-99D44F2B7526}.Release|x86.ActiveCfg = Release|Any CPU
		{31FCC2F3-1105-44F9-9AD6-99D44F2B7526}.Release|x86.Build.0 = Release|Any CPU
		{70DF3241-E7F9-414E-8A10-E29905454813}.Debug|Any CPU.ActiveCfg = Debug|Any CPU
		{70DF3241-E7F9-414E-8A10-E29905454813}.Debug|Any CPU.Build.0 = Debug|Any CPU
		{70DF3241-E7F9-414E-8A10-E29905454813}.Debug|ARM.ActiveCfg = Debug|Any CPU
		{70DF3241-E7F9-414E-8A10-E29905454813}.Debug|ARM.Build.0 = Debug|Any CPU
		{70DF3241-E7F9-414E-8A10-E29905454813}.Debug|ARM64.ActiveCfg = Debug|Any CPU
		{70DF3241-E7F9-414E-8A10-E29905454813}.Debug|ARM64.Build.0 = Debug|Any CPU
		{70DF3241-E7F9-414E-8A10-E29905454813}.Debug|x64.ActiveCfg = Debug|Any CPU
		{70DF3241-E7F9-414E-8A10-E29905454813}.Debug|x64.Build.0 = Debug|Any CPU
		{70DF3241-E7F9-414E-8A10-E29905454813}.Debug|x86.ActiveCfg = Debug|Any CPU
		{70DF3241-E7F9-414E-8A10-E29905454813}.Debug|x86.Build.0 = Debug|Any CPU
		{70DF3241-E7F9-414E-8A10-E29905454813}.Release|Any CPU.ActiveCfg = Release|Any CPU
		{70DF3241-E7F9-414E-8A10-E29905454813}.Release|Any CPU.Build.0 = Release|Any CPU
		{70DF3241-E7F9-414E-8A10-E29905454813}.Release|ARM.ActiveCfg = Release|Any CPU
		{70DF3241-E7F9-414E-8A10-E29905454813}.Release|ARM.Build.0 = Release|Any CPU
		{70DF3241-E7F9-414E-8A10-E29905454813}.Release|ARM64.ActiveCfg = Release|Any CPU
		{70DF3241-E7F9-414E-8A10-E29905454813}.Release|ARM64.Build.0 = Release|Any CPU
		{70DF3241-E7F9-414E-8A10-E29905454813}.Release|x64.ActiveCfg = Release|Any CPU
		{70DF3241-E7F9-414E-8A10-E29905454813}.Release|x64.Build.0 = Release|Any CPU
		{70DF3241-E7F9-414E-8A10-E29905454813}.Release|x86.ActiveCfg = Release|Any CPU
		{70DF3241-E7F9-414E-8A10-E29905454813}.Release|x86.Build.0 = Release|Any CPU
		{DB0EA8C0-F39C-4A71-8C16-D704B925BECE}.Debug|Any CPU.ActiveCfg = Debug|Any CPU
		{DB0EA8C0-F39C-4A71-8C16-D704B925BECE}.Debug|Any CPU.Build.0 = Debug|Any CPU
		{DB0EA8C0-F39C-4A71-8C16-D704B925BECE}.Debug|ARM.ActiveCfg = Debug|Any CPU
		{DB0EA8C0-F39C-4A71-8C16-D704B925BECE}.Debug|ARM.Build.0 = Debug|Any CPU
		{DB0EA8C0-F39C-4A71-8C16-D704B925BECE}.Debug|ARM64.ActiveCfg = Debug|Any CPU
		{DB0EA8C0-F39C-4A71-8C16-D704B925BECE}.Debug|ARM64.Build.0 = Debug|Any CPU
		{DB0EA8C0-F39C-4A71-8C16-D704B925BECE}.Debug|x64.ActiveCfg = Debug|Any CPU
		{DB0EA8C0-F39C-4A71-8C16-D704B925BECE}.Debug|x64.Build.0 = Debug|Any CPU
		{DB0EA8C0-F39C-4A71-8C16-D704B925BECE}.Debug|x86.ActiveCfg = Debug|Any CPU
		{DB0EA8C0-F39C-4A71-8C16-D704B925BECE}.Debug|x86.Build.0 = Debug|Any CPU
		{DB0EA8C0-F39C-4A71-8C16-D704B925BECE}.Release|Any CPU.ActiveCfg = Release|Any CPU
		{DB0EA8C0-F39C-4A71-8C16-D704B925BECE}.Release|Any CPU.Build.0 = Release|Any CPU
		{DB0EA8C0-F39C-4A71-8C16-D704B925BECE}.Release|ARM.ActiveCfg = Release|Any CPU
		{DB0EA8C0-F39C-4A71-8C16-D704B925BECE}.Release|ARM.Build.0 = Release|Any CPU
		{DB0EA8C0-F39C-4A71-8C16-D704B925BECE}.Release|ARM64.ActiveCfg = Release|Any CPU
		{DB0EA8C0-F39C-4A71-8C16-D704B925BECE}.Release|ARM64.Build.0 = Release|Any CPU
		{DB0EA8C0-F39C-4A71-8C16-D704B925BECE}.Release|x64.ActiveCfg = Release|Any CPU
		{DB0EA8C0-F39C-4A71-8C16-D704B925BECE}.Release|x64.Build.0 = Release|Any CPU
		{DB0EA8C0-F39C-4A71-8C16-D704B925BECE}.Release|x86.ActiveCfg = Release|Any CPU
		{DB0EA8C0-F39C-4A71-8C16-D704B925BECE}.Release|x86.Build.0 = Release|Any CPU
	EndGlobalSection
	GlobalSection(SolutionProperties) = preSolution
		HideSolutionNode = FALSE
	EndGlobalSection
	GlobalSection(NestedProjects) = preSolution
		{F7400814-8252-4F19-A22C-5FB7C9D10892} = {BAD9366D-1966-4AA6-BC46-EA691FBD14F6}
		{31FCC2F3-1105-44F9-9AD6-99D44F2B7526} = {B51E81A4-9C25-4744-95D5-F2B21E5AA548}
		{70DF3241-E7F9-414E-8A10-E29905454813} = {7CEAB0EB-213A-471F-AE3C-3DE20CF0A428}
		{DB0EA8C0-F39C-4A71-8C16-D704B925BECE} = {93184FBF-7456-4F2D-B139-7557966FFF65}
	EndGlobalSection
	GlobalSection(ExtensibilityGlobals) = postSolution
		SolutionGuid = {614C0A90-E3A6-46CB-BC7F-8218B4E85973}
	EndGlobalSection
EndGlobal
